
Microsoft Visual Studio Solution File, Format Version 12.00
# Visual Studio 14
VisualStudioVersion = 14.0.25123.0
MinimumVisualStudioVersion = 10.0.40219.1
Project("{FAE04EC0-301F-11D3-BF4B-00C04F79EFBC}") = "Space.LojaVirtual.Dominio", "Space.LojaVirtual.Dominio\Space.LojaVirtual.Dominio.csproj", "{7AF7F7C9-4932-4BF4-8BAE-20511EE787B2}"
EndProject
Project("{FAE04EC0-301F-11D3-BF4B-00C04F79EFBC}") = "Space.LojaVirtual.Web", "Space.LojaVirtual.Web\Space.LojaVirtual.Web.csproj", "{FF736520-DD55-402B-B9DD-A0A962BCE8E3}"
EndProject
Global
	GlobalSection(SolutionConfigurationPlatforms) = preSolution
		Debug|Any CPU = Debug|Any CPU
		Release|Any CPU = Release|Any CPU
	EndGlobalSection
	GlobalSection(ProjectConfigurationPlatforms) = postSolution
		{7AF7F7C9-4932-4BF4-8BAE-20511EE787B2}.Debug|Any CPU.ActiveCfg = Debug|Any CPU
		{7AF7F7C9-4932-4BF4-8BAE-20511EE787B2}.Debug|Any CPU.Build.0 = Debug|Any CPU
		{7AF7F7C9-4932-4BF4-8BAE-20511EE787B2}.Release|Any CPU.ActiveCfg = Release|Any CPU
		{7AF7F7C9-4932-4BF4-8BAE-20511EE787B2}.Release|Any CPU.Build.0 = Release|Any CPU
		{FF736520-DD55-402B-B9DD-A0A962BCE8E3}.Debug|Any CPU.ActiveCfg = Debug|Any CPU
		{FF736520-DD55-402B-B9DD-A0A962BCE8E3}.Debug|Any CPU.Build.0 = Debug|Any CPU
		{FF736520-DD55-402B-B9DD-A0A962BCE8E3}.Release|Any CPU.ActiveCfg = Release|Any CPU
		{FF736520-DD55-402B-B9DD-A0A962BCE8E3}.Release|Any CPU.Build.0 = Release|Any CPU
	EndGlobalSection
	GlobalSection(SolutionProperties) = preSolution
		HideSolutionNode = FALSE
	EndGlobalSection
EndGlobal
